hash: 5df137a097936009ed4e56105dc9dd939c61d6c443df57792a64110f516f8016
updated: 2018-07-28T15:47:00.484685+08:00
imports:
- name: github.com/boltdb/bolt
  version: fd01fc79c553a8e99d512a07e8e0c63d4a3ccfc5
- name: github.com/eclipse/paho.mqtt.golang
  version: 36d01c2b4cbeb3d2a12063e4880ce30800af9560
  subpackages:
  - packets
- name: github.com/go-ini/ini
  version: d58d458bec3cb5adec4b7ddb41131855eac0b33f
- name: github.com/golang/protobuf
  version: 93b26e6a70e37abb14f2f88194949312b0592a84
  subpackages:
  - proto
- name: github.com/gorilla/websocket
  version: a91eba7f97777409bc2c443f5534d41dd20c5720
- name: github.com/robfig/cron
  version: b41be1df696709bb6395fe435af20370037c0b4c
- name: golang.org/x/net
  version: 3673e40ba22529d22c3fd7c93e97b0ce50fa7bdd
  subpackages:
  - internal/socks
  - proxy
  - websocket
testImports: []
